
Microsoft Visual Studio Solution File, Format Version 12.00
# Visual Studio 14
VisualStudioVersion = 14.0.22609.0
MinimumVisualStudioVersion = 10.0.40219.1
Project("{FAE04EC0-301F-11D3-BF4B-00C04F79EFBC}") = "PlaybackFX-2015", "PlaybackFx\PlaybackFX-2015.csproj", "{70AF3F8F-2D22-40CD-919C-68113371D10F}"
	ProjectSection(ProjectDependencies) = postProject
		{8F98BC07-E01A-4FCB-8150-59891AC8E1AC} = {8F98BC07-E01A-4FCB-8150-59891AC8E1AC}
		{A0249F27-D7B8-46B1-91D6-4D92ACF283D6} = {A0249F27-D7B8-46B1-91D6-4D92ACF283D6}
		{0174F646-5CFF-40D6-91A6-FB75384A9DC5} = {0174F646-5CFF-40D6-91A6-FB75384A9DC5}
		{729F024B-C161-48D0-8C69-3CCFFA3105DF} = {729F024B-C161-48D0-8C69-3CCFFA3105DF}
		{A91F149E-FAD4-4F29-93E9-31224C1D1A7A} = {A91F149E-FAD4-4F29-93E9-31224C1D1A7A}
		{B0D5E0B7-626F-408E-B18A-AF1D09D331A1} = {B0D5E0B7-626F-408E-B18A-AF1D09D331A1}
		{7250F4BC-3851-4102-B00A-9325F9E8258E} = {7250F4BC-3851-4102-B00A-9325F9E8258E}
		{9A06DECF-A237-44B1-AC7A-199188E73736} = {9A06DECF-A237-44B1-AC7A-199188E73736}
	EndProjectSection
EndProject
Project("{FAE04EC0-301F-11D3-BF4B-00C04F79EFBC}") = "Grayscale-2015", "Grayscale\Grayscale-2015.csproj", "{A0249F27-D7B8-46B1-91D6-4D92ACF283D6}"
EndProject
Project("{FAE04EC0-301F-11D3-BF4B-00C04F79EFBC}") = "TypeConverter-2015", "TypeConverter\TypeConverter-2015.csproj", "{7250F4BC-3851-4102-B00A-9325F9E8258E}"
EndProject
Project("{FAE04EC0-301F-11D3-BF4B-00C04F79EFBC}") = "GrayscaleAsync-2015", "GrayscaleAsync\GrayscaleAsync-2015.csproj", "{729F024B-C161-48D0-8C69-3CCFFA3105DF}"
EndProject
Project("{2150E333-8FDC-42A3-9474-1A3956D46DE8}") = "Solution Items", "Solution Items", "{87AB6819-648F-49B9-8D7A-E8E52D52D535}"
	ProjectSection(SolutionItems) = preProject
		HowTo.txt = HowTo.txt
		HowToAsync.txt = HowToAsync.txt
		ReadMe.txt = ReadMe.txt
	EndProjectSection
EndProject
Project("{FAE04EC0-301F-11D3-BF4B-00C04F79EFBC}") = "FrameCounter-2015", "FrameCounter\FrameCounter-2015.csproj", "{A91F149E-FAD4-4F29-93E9-31224C1D1A7A}"
EndProject
Project("{FAE04EC0-301F-11D3-BF4B-00C04F79EFBC}") = "AudioDelay-2015", "audiodelay\AudioDelay-2015.csproj", "{B0D5E0B7-626F-408E-B18A-AF1D09D331A1}"
EndProject
Project("{FAE04EC0-301F-11D3-BF4B-00C04F79EFBC}") = "GrayscaleEx-2015", "GrayscaleEx\GrayscaleEx-2015.csproj", "{9A06DECF-A237-44B1-AC7A-199188E73736}"
EndProject
Project("{FAE04EC0-301F-11D3-BF4B-00C04F79EFBC}") = "WriteText-2015", "WriteText\WriteText-2015.csproj", "{0174F646-5CFF-40D6-91A6-FB75384A9DC5}"
EndProject
Project("{FAE04EC0-301F-11D3-BF4B-00C04F79EFBC}") = "RotateAsync-2015", "RotateAsync\RotateAsync-2015.csproj", "{8F98BC07-E01A-4FCB-8150-59891AC8E1AC}"
EndProject
Global
	GlobalSection(SolutionConfigurationPlatforms) = preSolution
		Debug|x64 = Debug|x64
		Debug|x86 = Debug|x86
		Release|x64 = Release|x64
		Release|x86 = Release|x86
	EndGlobalSection
	GlobalSection(ProjectConfigurationPlatforms) = postSolution
		{A0249F27-D7B8-46B1-91D6-4D92ACF283D6}.Debug|x64.ActiveCfg = Debug|x64
		{A0249F27-D7B8-46B1-91D6-4D92ACF283D6}.Debug|x64.Build.0 = Debug|x64
		{A0249F27-D7B8-46B1-91D6-4D92ACF283D6}.Debug|x86.ActiveCfg = Debug|x86
		{A0249F27-D7B8-46B1-91D6-4D92ACF283D6}.Debug|x86.Build.0 = Debug|x86
		{A0249F27-D7B8-46B1-91D6-4D92ACF283D6}.Release|x64.ActiveCfg = Release|x64
		{A0249F27-D7B8-46B1-91D6-4D92ACF283D6}.Release|x64.Build.0 = Release|x64
		{A0249F27-D7B8-46B1-91D6-4D92ACF283D6}.Release|x86.ActiveCfg = Release|x86
		{A0249F27-D7B8-46B1-91D6-4D92ACF283D6}.Release|x86.Build.0 = Release|x86
		{7250F4BC-3851-4102-B00A-9325F9E8258E}.Debug|x64.ActiveCfg = Debug|x64
		{7250F4BC-3851-4102-B00A-9325F9E8258E}.Debug|x64.Build.0 = Debug|x64
		{7250F4BC-3851-4102-B00A-9325F9E8258E}.Debug|x86.ActiveCfg = Debug|x86
		{7250F4BC-3851-4102-B00A-9325F9E8258E}.Debug|x86.Build.0 = Debug|x86
		{7250F4BC-3851-4102-B00A-9325F9E8258E}.Release|x64.ActiveCfg = Release|x64
		{7250F4BC-3851-4102-B00A-9325F9E8258E}.Release|x64.Build.0 = Release|x64
		{7250F4BC-3851-4102-B00A-9325F9E8258E}.Release|x86.ActiveCfg = Release|x86
		{7250F4BC-3851-4102-B00A-9325F9E8258E}.Release|x86.Build.0 = Release|x86
		{70AF3F8F-2D22-40CD-919C-68113371D10F}.Debug|x64.ActiveCfg = Debug|x64
		{70AF3F8F-2D22-40CD-919C-68113371D10F}.Debug|x64.Build.0 = Debug|x64
		{70AF3F8F-2D22-40CD-919C-68113371D10F}.Debug|x86.ActiveCfg = Debug|x86
		{70AF3F8F-2D22-40CD-919C-68113371D10F}.Debug|x86.Build.0 = Debug|x86
		{70AF3F8F-2D22-40CD-919C-68113371D10F}.Release|x64.ActiveCfg = Release|x64
		{70AF3F8F-2D22-40CD-919C-68113371D10F}.Release|x64.Build.0 = Release|x64
		{70AF3F8F-2D22-40CD-919C-68113371D10F}.Release|x86.ActiveCfg = Release|x86
		{70AF3F8F-2D22-40CD-919C-68113371D10F}.Release|x86.Build.0 = Release|x86
		{729F024B-C161-48D0-8C69-3CCFFA3105DF}.Debug|x64.ActiveCfg = Debug|x64
		{729F024B-C161-48D0-8C69-3CCFFA3105DF}.Debug|x64.Build.0 = Debug|x64
		{729F024B-C161-48D0-8C69-3CCFFA3105DF}.Debug|x86.ActiveCfg = Debug|x86
		{729F024B-C161-48D0-8C69-3CCFFA3105DF}.Debug|x86.Build.0 = Debug|x86
		{729F024B-C161-48D0-8C69-3CCFFA3105DF}.Release|x64.ActiveCfg = Release|x64
		{729F024B-C161-48D0-8C69-3CCFFA3105DF}.Release|x64.Build.0 = Release|x64
		{729F024B-C161-48D0-8C69-3CCFFA3105DF}.Release|x86.ActiveCfg = Release|x86
		{729F024B-C161-48D0-8C69-3CCFFA3105DF}.Release|x86.Build.0 = Release|x86
		{A91F149E-FAD4-4F29-93E9-31224C1D1A7A}.Debug|x64.ActiveCfg = Debug|x64
		{A91F149E-FAD4-4F29-93E9-31224C1D1A7A}.Debug|x64.Build.0 = Debug|x64
		{A91F149E-FAD4-4F29-93E9-31224C1D1A7A}.Debug|x86.ActiveCfg = Debug|x86
		{A91F149E-FAD4-4F29-93E9-31224C1D1A7A}.Debug|x86.Build.0 = Debug|x86
		{A91F149E-FAD4-4F29-93E9-31224C1D1A7A}.Release|x64.ActiveCfg = Release|x64
		{A91F149E-FAD4-4F29-93E9-31224C1D1A7A}.Release|x64.Build.0 = Release|x64
		{A91F149E-FAD4-4F29-93E9-31224C1D1A7A}.Release|x86.ActiveCfg = Release|x86
		{A91F149E-FAD4-4F29-93E9-31224C1D1A7A}.Release|x86.Build.0 = Release|x86
		{B0D5E0B7-626F-408E-B18A-AF1D09D331A1}.Debug|x64.ActiveCfg = Debug|x64
		{B0D5E0B7-626F-408E-B18A-AF1D09D331A1}.Debug|x64.Build.0 = Debug|x64
		{B0D5E0B7-626F-408E-B18A-AF1D09D331A1}.Debug|x86.ActiveCfg = Debug|x86
		{B0D5E0B7-626F-408E-B18A-AF1D09D331A1}.Debug|x86.Build.0 = Debug|x86
		{B0D5E0B7-626F-408E-B18A-AF1D09D331A1}.Release|x64.ActiveCfg = Release|x64
		{B0D5E0B7-626F-408E-B18A-AF1D09D331A1}.Release|x64.Build.0 = Release|x64
		{B0D5E0B7-626F-408E-B18A-AF1D09D331A1}.Release|x86.ActiveCfg = Release|x86
		{B0D5E0B7-626F-408E-B18A-AF1D09D331A1}.Release|x86.Build.0 = Release|x86
		{2E79BB48-C7DE-4E97-9F3B-73CEE9B92569}.Debug|x64.ActiveCfg = Debug|x64
		{2E79BB48-C7DE-4E97-9F3B-73CEE9B92569}.Debug|x64.Build.0 = Debug|x64
		{2E79BB48-C7DE-4E97-9F3B-73CEE9B92569}.Debug|x86.ActiveCfg = Debug|x86
		{2E79BB48-C7DE-4E97-9F3B-73CEE9B92569}.Debug|x86.Build.0 = Debug|x86
		{2E79BB48-C7DE-4E97-9F3B-73CEE9B92569}.Release|x64.ActiveCfg = Release|x64
		{2E79BB48-C7DE-4E97-9F3B-73CEE9B92569}.Release|x64.Build.0 = Release|x64
		{2E79BB48-C7DE-4E97-9F3B-73CEE9B92569}.Release|x86.ActiveCfg = Release|x86
		{2E79BB48-C7DE-4E97-9F3B-73CEE9B92569}.Release|x86.Build.0 = Release|x86
		{9A06DECF-A237-44B1-AC7A-199188E73736}.Debug|x64.ActiveCfg = Debug|x64
		{9A06DECF-A237-44B1-AC7A-199188E73736}.Debug|x64.Build.0 = Debug|x64
		{9A06DECF-A237-44B1-AC7A-199188E73736}.Debug|x86.ActiveCfg = Debug|x86
		{9A06DECF-A237-44B1-AC7A-199188E73736}.Debug|x86.Build.0 = Debug|x86
		{9A06DECF-A237-44B1-AC7A-199188E73736}.Release|x64.ActiveCfg = Release|x64
		{9A06DECF-A237-44B1-AC7A-199188E73736}.Release|x64.Build.0 = Release|x64
		{9A06DECF-A237-44B1-AC7A-199188E73736}.Release|x86.ActiveCfg = Release|x86
		{9A06DECF-A237-44B1-AC7A-199188E73736}.Release|x86.Build.0 = Release|x86
		{0174F646-5CFF-40D6-91A6-FB75384A9DC5}.Debug|x64.ActiveCfg = Debug|x64
		{0174F646-5CFF-40D6-91A6-FB75384A9DC5}.Debug|x64.Build.0 = Debug|x64
		{0174F646-5CFF-40D6-91A6-FB75384A9DC5}.Debug|x86.ActiveCfg = Debug|x86
		{0174F646-5CFF-40D6-91A6-FB75384A9DC5}.Debug|x86.Build.0 = Debug|x86
		{0174F646-5CFF-40D6-91A6-FB75384A9DC5}.Release|x64.ActiveCfg = Release|x64
		{0174F646-5CFF-40D6-91A6-FB75384A9DC5}.Release|x64.Build.0 = Release|x64
		{0174F646-5CFF-40D6-91A6-FB75384A9DC5}.Release|x86.ActiveCfg = Release|x86
		{0174F646-5CFF-40D6-91A6-FB75384A9DC5}.Release|x86.Build.0 = Release|x86
		{8F98BC07-E01A-4FCB-8150-59891AC8E1AC}.Debug|x64.ActiveCfg = Debug|x64
		{8F98BC07-E01A-4FCB-8150-59891AC8E1AC}.Debug|x64.Build.0 = Debug|x64
		{8F98BC07-E01A-4FCB-8150-59891AC8E1AC}.Debug|x86.ActiveCfg = Debug|x86
		{8F98BC07-E01A-4FCB-8150-59891AC8E1AC}.Debug|x86.Build.0 = Debug|x86
		{8F98BC07-E01A-4FCB-8150-59891AC8E1AC}.Release|x64.ActiveCfg = Release|x64
		{8F98BC07-E01A-4FCB-8150-59891AC8E1AC}.Release|x64.Build.0 = Release|x64
		{8F98BC07-E01A-4FCB-8150-59891AC8E1AC}.Release|x86.ActiveCfg = Release|x86
		{8F98BC07-E01A-4FCB-8150-59891AC8E1AC}.Release|x86.Build.0 = Release|x86
	EndGlobalSection
	GlobalSection(SolutionProperties) = preSolution
		HideSolutionNode = FALSE
	EndGlobalSection
EndGlobal
